PODS:
  - LicensePlist (2.0.0)
  - SwiftLint (0.29.2)

DEPENDENCIES:
  - LicensePlist
  - SwiftLint

SPEC REPOS:
  https://github.com/cocoapods/specs.git:
    - LicensePlist
    - SwiftLint

SPEC CHECKSUMS:
  LicensePlist: 558c95c739171b96896d38fa5502f3721aada13c
  SwiftLint: 47df60bdea6e7e902b193b6596db8683aafd86a3

PODFILE CHECKSUM: d4a9ecb7a3ce0a3b4788580c6d93c6a9c2c278e7

COCOAPODS: 1.5.3
