PODS:
  - LicensePlist (2.0.0)
  - SwiftLint (0.29.1)

DEPENDENCIES:
  - LicensePlist
  - SwiftLint

SPEC REPOS:
  https://github.com/cocoapods/specs.git:
    - LicensePlist
    - SwiftLint

SPEC CHECKSUMS:
  LicensePlist: 558c95c739171b96896d38fa5502f3721aada13c
  SwiftLint: 6772320e40b52049053a518c17db9b0634a0b45a

PODFILE CHECKSUM: c807814329cd1fc996b6f8972d90de2079f96dfe

COCOAPODS: 1.5.3
