// !$*UTF8*$!
{
	archiveVersion = 1;
	classes = {
	};
	objectVersion = 50;
	objects = {

/* Begin PBXBuildFile section */
		772ABC91217D024600A9D589 /* AppDelegate.swift in Sources */ = {isa = PBXBuildFile; fileRef = 772ABC90217D024600A9D589 /* AppDelegate.swift */; };
		772ABC93217D024600A9D589 /* ViewController.swift in Sources */ = {isa = PBXBuildFile; fileRef = 772ABC92217D024600A9D589 /* ViewController.swift */; };
		772ABC96217D024600A9D589 /* Main.storyboard in Resources */ = {isa = PBXBuildFile; fileRef = 772ABC94217D024600A9D589 /* Main.storyboard */; };
		772ABC98217D024700A9D589 /* Assets.xcassets in Resources */ = {isa = PBXBuildFile; fileRef = 772ABC97217D024700A9D589 /* Assets.xcassets */; };
		772ABC9B217D024700A9D589 /* LaunchScreen.storyboard in Resources */ = {isa = PBXBuildFile; fileRef = 772ABC99217D024700A9D589 /* LaunchScreen.storyboard */; };
		772ABCA5217D030300A9D589 /* Top.storyboard in Resources */ = {isa = PBXBuildFile; fileRef = 772ABCA4217D030300A9D589 /* Top.storyboard */; };
		772ABCA7217D03C900A9D589 /* GoalTableViewController.swift in Sources */ = {isa = PBXBuildFile; fileRef = 772ABCA6217D03C900A9D589 /* GoalTableViewController.swift */; };
		77603842217D05BA005DABC3 /* TopScorer.swift in Sources */ = {isa = PBXBuildFile; fileRef = 77603841217D05BA005DABC3 /* TopScorer.swift */; };
		77603846217D07B6005DABC3 /* Extensions.swift in Sources */ = {isa = PBXBuildFile; fileRef = 77603845217D07B6005DABC3 /* Extensions.swift */; };
/* End PBXBuildFile section */

/* Begin PBXFileReference section */
		772ABC8D217D024600A9D589 /* FootbballLink.app */ = {isa = PBXFileReference; explicitFileType = wrapper.application; includeInIndex = 0; path = FootbballLink.app; sourceTree = BUILT_PRODUCTS_DIR; };
		772ABC90217D024600A9D589 /* AppDelegate.swift */ = {isa = PBXFileReference; lastKnownFileType = sourcecode.swift; path = AppDelegate.swift; sourceTree = "<group>"; };
		772ABC92217D024600A9D589 /* ViewController.swift */ = {isa = PBXFileReference; lastKnownFileType = sourcecode.swift; path = ViewController.swift; sourceTree = "<group>"; };
		772ABC95217D024600A9D589 /* Base */ = {isa = PBXFileReference; lastKnownFileType = file.storyboard; name = Base; path = Base.lproj/Main.storyboard; sourceTree = "<group>"; };
		772ABC97217D024700A9D589 /* Assets.xcassets */ = {isa = PBXFileReference; lastKnownFileType = folder.assetcatalog; path = Assets.xcassets; sourceTree = "<group>"; };
		772ABC9A217D024700A9D589 /* Base */ = {isa = PBXFileReference; lastKnownFileType = file.storyboard; name = Base; path = Base.lproj/LaunchScreen.storyboard; sourceTree = "<group>"; };
		772ABC9C217D024700A9D589 /* Info.plist */ = {isa = PBXFileReference; lastKnownFileType = text.plist.xml; path = Info.plist; sourceTree = "<group>"; };
		772ABCA4217D030300A9D589 /* Top.storyboard */ = {isa = PBXFileReference; lastKnownFileType = file.storyboard; path = Top.storyboard; sourceTree = "<group>"; };
		772ABCA6217D03C900A9D589 /* GoalTableViewController.swift */ = {isa = PBXFileReference; lastKnownFileType = sourcecode.swift; path = GoalTableViewController.swift; sourceTree = "<group>"; };
		77603841217D05BA005DABC3 /* TopScorer.swift */ = {isa = PBXFileReference; lastKnownFileType = sourcecode.swift; path = TopScorer.swift; sourceTree = "<group>"; };
		77603845217D07B6005DABC3 /* Extensions.swift */ = {isa = PBXFileReference; lastKnownFileType = sourcecode.swift; path = Extensions.swift; sourceTree = "<group>"; };
/* End PBXFileReference section */

/* Begin PBXFrameworksBuildPhase section */
		772ABC8A217D024600A9D589 /* Frameworks */ = {
			isa = PBXFrameworksBuildPhase;
			buildActionMask = 2147483647;
			files = (
			);
			runOnlyForDeploymentPostprocessing = 0;
		};
/* End PBXFrameworksBuildPhase section */

/* Begin PBXGroup section */
		772ABC84217D024600A9D589 = {
			isa = PBXGroup;
			children = (
				772ABC8F217D024600A9D589 /* FootbballLink */,
				772ABC8E217D024600A9D589 /* Products */,
			);
			sourceTree = "<group>";
		};
		772ABC8E217D024600A9D589 /* Products */ = {
			isa = PBXGroup;
			children = (
				772ABC8D217D024600A9D589 /* FootbballLink.app */,
			);
			name = Products;
			sourceTree = "<group>";
		};
		772ABC8F217D024600A9D589 /* FootbballLink */ = {
			isa = PBXGroup;
			children = (
				77603840217D0583005DABC3 /* Models */,
				772ABCA3217D02F100A9D589 /* ViewControllers */,
				772ABCA2217D02E800A9D589 /* Views */,
				772ABC90217D024600A9D589 /* AppDelegate.swift */,
				772ABC92217D024600A9D589 /* ViewController.swift */,
				772ABC94217D024600A9D589 /* Main.storyboard */,
				772ABC97217D024700A9D589 /* Assets.xcassets */,
				772ABC99217D024700A9D589 /* LaunchScreen.storyboard */,
				772ABC9C217D024700A9D589 /* Info.plist */,
			);
			path = FootbballLink;
			sourceTree = "<group>";
		};
		772ABCA2217D02E800A9D589 /* Views */ = {
			isa = PBXGroup;
			children = (
				772ABCA4217D030300A9D589 /* Top.storyboard */,
			);
			path = Views;
			sourceTree = "<group>";
		};
		772ABCA3217D02F100A9D589 /* ViewControllers */ = {
			isa = PBXGroup;
			children = (
				772ABCA6217D03C900A9D589 /* GoalTableViewController.swift */,
			);
			path = ViewControllers;
			sourceTree = "<group>";
		};
		77603840217D0583005DABC3 /* Models */ = {
			isa = PBXGroup;
			children = (
				77603841217D05BA005DABC3 /* TopScorer.swift */,
				77603845217D07B6005DABC3 /* Extensions.swift */,
			);
			path = Models;
			sourceTree = "<group>";
		};
/* End PBXGroup section */

/* Begin PBXNativeTarget section */
		772ABC8C217D024600A9D589 /* FootbballLink */ = {
			isa = PBXNativeTarget;
			buildConfigurationList = 772ABC9F217D024700A9D589 /* Build configuration list for PBXNativeTarget "FootbballLink" */;
			buildPhases = (
				772ABC89217D024600A9D589 /* Sources */,
				772ABC8A217D024600A9D589 /* Frameworks */,
				772ABC8B217D024600A9D589 /* Resources */,
			);
			buildRules = (
			);
			dependencies = (
			);
			name = FootbballLink;
			productName = FootbballLink;
			productReference = 772ABC8D217D024600A9D589 /* FootbballLink.app */;
			productType = "com.apple.product-type.application";
		};
/* End PBXNativeTarget section */

/* Begin PBXProject section */
		772ABC85217D024600A9D589 /* Project object */ = {
			isa = PBXProject;
			attributes = {
				LastSwiftUpdateCheck = 1000;
				LastUpgradeCheck = 1000;
				ORGANIZATIONNAME = example.com;
				TargetAttributes = {
					772ABC8C217D024600A9D589 = {
						CreatedOnToolsVersion = 10.0;
					};
				};
			};
			buildConfigurationList = 772ABC88217D024600A9D589 /* Build configuration list for PBXProject "FootbballLink" */;
			compatibilityVersion = "Xcode 9.3";
			developmentRegion = en;
			hasScannedForEncodings = 0;
			knownRegions = (
				en,
				Base,
			);
			mainGroup = 772ABC84217D024600A9D589;
			productRefGroup = 772ABC8E217D024600A9D589 /* Products */;
			projectDirPath = "";
			projectRoot = "";
			targets = (
				772ABC8C217D024600A9D589 /* FootbballLink */,
			);
		};
/* End PBXProject section */

/* Begin PBXResourcesBuildPhase section */
		772ABC8B217D024600A9D589 /* Resources */ = {
			isa = PBXResourcesBuildPhase;
			buildActionMask = 2147483647;
			files = (
				772ABCA5217D030300A9D589 /* Top.storyboard in Resources */,
				772ABC9B217D024700A9D589 /* LaunchScreen.storyboard in Resources */,
				772ABC98217D024700A9D589 /* Assets.xcassets in Resources */,
				772ABC96217D024600A9D589 /* Main.storyboard in Resources */,
			);
			runOnlyForDeploymentPostprocessing = 0;
		};
/* End PBXResourcesBuildPhase section */

/* Begin PBXSourcesBuildPhase section */
		772ABC89217D024600A9D589 /* Sources */ = {
			isa = PBXSourcesBuildPhase;
			buildActionMask = 2147483647;
			files = (
				77603846217D07B6005DABC3 /* Extensions.swift in Sources */,
				772ABC93217D024600A9D589 /* ViewController.swift in Sources */,
				772ABCA7217D03C900A9D589 /* GoalTableViewController.swift in Sources */,
				772ABC91217D024600A9D589 /* AppDelegate.swift in Sources */,
				77603842217D05BA005DABC3 /* TopScorer.swift in Sources */,
			);
			runOnlyForDeploymentPostprocessing = 0;
		};
/* End PBXSourcesBuildPhase section */

/* Begin PBXVariantGroup section */
		772ABC94217D024600A9D589 /* Main.storyboard */ = {
			isa = PBXVariantGroup;
			children = (
				772ABC95217D024600A9D589 /* Base */,
			);
			name = Main.storyboard;
			sourceTree = "<group>";
		};
		772ABC99217D024700A9D589 /* LaunchScreen.storyboard */ = {
			isa = PBXVariantGroup;
			children = (
				772ABC9A217D024700A9D589 /* Base */,
			);
			name = LaunchScreen.storyboard;
			sourceTree = "<group>";
		};
/* End PBXVariantGroup section */

/* Begin XCBuildConfiguration section */
		772ABC9D217D024700A9D589 /* Debug */ = {
			isa = XCBuildConfiguration;
			buildSettings = {
				ALWAYS_SEARCH_USER_PATHS = NO;
				CLANG_ANALYZER_NONNULL = YES;
				CLANG_ANALYZER_NUMBER_OBJECT_CONVERSION = YES_AGGRESSIVE;
				CLANG_CXX_LANGUAGE_STANDARD = "gnu++14";
				CLANG_CXX_LIBRARY = "libc++";
				CLANG_ENABLE_MODULES = YES;
				CLANG_ENABLE_OBJC_ARC = YES;
				CLANG_ENABLE_OBJC_WEAK = YES;
				CLANG_WARN_BLOCK_CAPTURE_AUTORELEASING = YES;
				CLANG_WARN_BOOL_CONVERSION = YES;
				CLANG_WARN_COMMA = YES;
				CLANG_WARN_CONSTANT_CONVERSION = YES;
				CLANG_WARN_DEPRECATED_OBJC_IMPLEMENTATIONS = YES;
				CLANG_WARN_DIRECT_OBJC_ISA_USAGE = YES_ERROR;
				CLANG_WARN_DOCUMENTATION_COMMENTS = YES;
				CLANG_WARN_EMPTY_BODY = YES;
				CLANG_WARN_ENUM_CONVERSION = YES;
				CLANG_WARN_INFINITE_RECURSION = YES;
				CLANG_WARN_INT_CONVERSION = YES;
				CLANG_WARN_NON_LITERAL_NULL_CONVERSION = YES;
				CLANG_WARN_OBJC_IMPLICIT_RETAIN_SELF = YES;
				CLANG_WARN_OBJC_LITERAL_CONVERSION = YES;
				CLANG_WARN_OBJC_ROOT_CLASS = YES_ERROR;
				CLANG_WARN_RANGE_LOOP_ANALYSIS = YES;
				CLANG_WARN_STRICT_PROTOTYPES = YES;
				CLANG_WARN_SUSPICIOUS_MOVE = YES;
				CLANG_WARN_UNGUARDED_AVAILABILITY = YES_AGGRESSIVE;
				CLANG_WARN_UNREACHABLE_CODE = YES;
				CLANG_WARN__DUPLICATE_METHOD_MATCH = YES;
				CODE_SIGN_IDENTITY = "iPhone Developer";
				COPY_PHASE_STRIP = NO;
				DEBUG_INFORMATION_FORMAT = dwarf;
				ENABLE_STRICT_OBJC_MSGSEND = YES;
				ENABLE_TESTABILITY = YES;
				GCC_C_LANGUAGE_STANDARD = gnu11;
				GCC_DYNAMIC_NO_PIC = NO;
				GCC_NO_COMMON_BLOCKS = YES;
				GCC_OPTIMIZATION_LEVEL = 0;
				GCC_PREPROCESSOR_DEFINITIONS = (
					"DEBUG=1",
					"$(inherited)",
				);
				GCC_WARN_64_TO_32_BIT_CONVERSION = YES;
				GCC_WARN_ABOUT_RETURN_TYPE = YES_ERROR;
				GCC_WARN_UNDECLARED_SELECTOR = YES;
				GCC_WARN_UNINITIALIZED_AUTOS = YES_AGGRESSIVE;
				GCC_WARN_UNUSED_FUNCTION = YES;
				GCC_WARN_UNUSED_VARIABLE = YES;
				IPHONEOS_DEPLOYMENT_TARGET = 12.0;
				MTL_ENABLE_DEBUG_INFO = INCLUDE_SOURCE;
				MTL_FAST_MATH = YES;
				ONLY_ACTIVE_ARCH = YES;
				SDKROOT = iphoneos;
				SWIFT_ACTIVE_COMPILATION_CONDITIONS = DEBUG;
				SWIFT_OPTIMIZATION_LEVEL = "-Onone";
			};
			name = Debug;
		};
		772ABC9E217D024700A9D589 /* Release */ = {
			isa = XCBuildConfiguration;
			buildSettings = {
				ALWAYS_SEARCH_USER_PATHS = NO;
				CLANG_ANALYZER_NONNULL = YES;
				CLANG_ANALYZER_NUMBER_OBJECT_CONVERSION = YES_AGGRESSIVE;
				CLANG_CXX_LANGUAGE_STANDARD = "gnu++14";
				CLANG_CXX_LIBRARY = "libc++";
				CLANG_ENABLE_MODULES = YES;
				CLANG_ENABLE_OBJC_ARC = YES;
				CLANG_ENABLE_OBJC_WEAK = YES;
				CLANG_WARN_BLOCK_CAPTURE_AUTORELEASING = YES;
				CLANG_WARN_BOOL_CONVERSION = YES;
				CLANG_WARN_COMMA = YES;
				CLANG_WARN_CONSTANT_CONVERSION = YES;
				CLANG_WARN_DEPRECATED_OBJC_IMPLEMENTATIONS = YES;
				CLANG_WARN_DIRECT_OBJC_ISA_USAGE = YES_ERROR;
				CLANG_WARN_DOCUMENTATION_COMMENTS = YES;
				CLANG_WARN_EMPTY_BODY = YES;
				CLANG_WARN_ENUM_CONVERSION = YES;
				CLANG_WARN_INFINITE_RECURSION = YES;
				CLANG_WARN_INT_CONVERSION = YES;
				CLANG_WARN_NON_LITERAL_NULL_CONVERSION = YES;
				CLANG_WARN_OBJC_IMPLICIT_RETAIN_SELF = YES;
				CLANG_WARN_OBJC_LITERAL_CONVERSION = YES;
				CLANG_WARN_OBJC_ROOT_CLASS = YES_ERROR;
				CLANG_WARN_RANGE_LOOP_ANALYSIS = YES;
				CLANG_WARN_STRICT_PROTOTYPES = YES;
				CLANG_WARN_SUSPICIOUS_MOVE = YES;
				CLANG_WARN_UNGUARDED_AVAILABILITY = YES_AGGRESSIVE;
				CLANG_WARN_UNREACHABLE_CODE = YES;
				CLANG_WARN__DUPLICATE_METHOD_MATCH = YES;
				CODE_SIGN_IDENTITY = "iPhone Developer";
				COPY_PHASE_STRIP = NO;
				DEBUG_INFORMATION_FORMAT = "dwarf-with-dsym";
				ENABLE_NS_ASSERTIONS = NO;
				ENABLE_STRICT_OBJC_MSGSEND = YES;
				GCC_C_LANGUAGE_STANDARD = gnu11;
				GCC_NO_COMMON_BLOCKS = YES;
				GCC_WARN_64_TO_32_BIT_CONVERSION = YES;
				GCC_WARN_ABOUT_RETURN_TYPE = YES_ERROR;
				GCC_WARN_UNDECLARED_SELECTOR = YES;
				GCC_WARN_UNINITIALIZED_AUTOS = YES_AGGRESSIVE;
				GCC_WARN_UNUSED_FUNCTION = YES;
				GCC_WARN_UNUSED_VARIABLE = YES;
				IPHONEOS_DEPLOYMENT_TARGET = 12.0;
				MTL_ENABLE_DEBUG_INFO = NO;
				MTL_FAST_MATH = YES;
				SDKROOT = iphoneos;
				SWIFT_COMPILATION_MODE = wholemodule;
				SWIFT_OPTIMIZATION_LEVEL = "-O";
				VALIDATE_PRODUCT = YES;
			};
			name = Release;
		};
		772ABCA0217D024700A9D589 /* Debug */ = {
			isa = XCBuildConfiguration;
			buildSettings = {
				ASSETCATALOG_COMPILER_APPICON_NAME = AppIcon;
				CODE_SIGN_STYLE = Automatic;
				DEVELOPMENT_TEAM = MV54P2M7A5;
				INFOPLIST_FILE = FootbballLink/Info.plist;
				LD_RUNPATH_SEARCH_PATHS = (
					"$(inherited)",
					"@executable_path/Frameworks",
				);
				PRODUCT_BUNDLE_IDENTIFIER = com.example.FootbballLink;
				PRODUCT_NAME = "$(TARGET_NAME)";
				SWIFT_VERSION = 4.2;
				TARGETED_DEVICE_FAMILY = "1,2";
			};
			name = Debug;
		};
		772ABCA1217D024700A9D589 /* Release */ = {
			isa = XCBuildConfiguration;
			buildSettings = {
				ASSETCATALOG_COMPILER_APPICON_NAME = AppIcon;
				CODE_SIGN_STYLE = Automatic;
				DEVELOPMENT_TEAM = MV54P2M7A5;
				INFOPLIST_FILE = FootbballLink/Info.plist;
				LD_RUNPATH_SEARCH_PATHS = (
					"$(inherited)",
					"@executable_path/Frameworks",
				);
				PRODUCT_BUNDLE_IDENTIFIER = com.example.FootbballLink;
				PRODUCT_NAME = "$(TARGET_NAME)";
				SWIFT_VERSION = 4.2;
				TARGETED_DEVICE_FAMILY = "1,2";
			};
			name = Release;
		};
/* End XCBuildConfiguration section */

/* Begin XCConfigurationList section */
		772ABC88217D024600A9D589 /* Build configuration list for PBXProject "FootbballLink" */ = {
			isa = XCConfigurationList;
			buildConfigurations = (
				772ABC9D217D024700A9D589 /* Debug */,
				772ABC9E217D024700A9D589 /* Release */,
			);
			defaultConfigurationIsVisible = 0;
			defaultConfigurationName = Release;
		};
		772ABC9F217D024700A9D589 /* Build configuration list for PBXNativeTarget "FootbballLink" */ = {
			isa = XCConfigurationList;
			buildConfigurations = (
				772ABCA0217D024700A9D589 /* Debug */,
				772ABCA1217D024700A9D589 /* Release */,
			);
			defaultConfigurationIsVisible = 0;
			defaultConfigurationName = Release;
		};
/* End XCConfigurationList section */
	};
	rootObject = 772ABC85217D024600A9D589 /* Project object */;
}
